
Microsoft Visual Studio Solution File, Format Version 12.00
# Visual Studio Version 17
VisualStudioVersion = 17.11.35222.181
MinimumVisualStudioVersion = 10.0.40219.1
Project("{FAE04EC0-301F-11D3-BF4B-00C04F79EFBC}") = "Guard-Revamp", "Guard-Revamp.csproj", "{E68128CB-90C5-4845-8C02-F1E57F9E2420}"
EndProject
Global
	GlobalSection(SolutionConfigurationPlatforms) = preSolution
		Debug|Any CPU = Debug|Any CPU
		Debug|x64 = Debug|x64
		Release|Any CPU = Release|Any CPU
		Release|x64 = Release|x64
	EndGlobalSection
	GlobalSection(ProjectConfigurationPlatforms) = postSolution
		{E68128CB-90C5-4845-8C02-F1E57F9E2420}.Debug|Any CPU.ActiveCfg = Debug|Any CPU
		{E68128CB-90C5-4845-8C02-F1E57F9E2420}.Debug|Any CPU.Build.0 = Debug|Any CPU
		{E68128CB-90C5-4845-8C02-F1E57F9E2420}.Debug|x64.ActiveCfg = Debug|x64
		{E68128CB-90C5-4845-8C02-F1E57F9E2420}.Debug|x64.Build.0 = Debug|x64
		{E68128CB-90C5-4845-8C02-F1E57F9E2420}.Release|Any CPU.ActiveCfg = Release|Any CPU
		{E68128CB-90C5-4845-8C02-F1E57F9E2420}.Release|Any CPU.Build.0 = Release|Any CPU
		{E68128CB-90C5-4845-8C02-F1E57F9E2420}.Release|x64.ActiveCfg = Release|x64
		{E68128CB-90C5-4845-8C02-F1E57F9E2420}.Release|x64.Build.0 = Release|x64
	EndGlobalSection
	GlobalSection(SolutionProperties) = preSolution
		HideSolutionNode = FALSE
	EndGlobalSection
	GlobalSection(ExtensibilityGlobals) = postSolution
		SolutionGuid = {F189C2FA-7E9F-4DE2-85A1-7C258AA8C5A7}
	EndGlobalSection
EndGlobal
